// !$*UTF8*$!
{
	archiveVersion = 1;
	classes = {
	};
	objectVersion = 50;
	objects = {

/* Begin PBXBuildFile section */
		FC5E36C323F7C20000CD4F8D /* AppDelegate.swift in Sources */ = {isa = PBXBuildFile; fileRef = FC5E36C223F7C20000CD4F8D /* AppDelegate.swift */; };
		FC5E36C523F7C20000CD4F8D /* SceneDelegate.swift in Sources */ = {isa = PBXBuildFile; fileRef = FC5E36C423F7C20000CD4F8D /* SceneDelegate.swift */; };
		FC5E36C723F7C20000CD4F8D /* ViewController.swift in Sources */ = {isa = PBXBuildFile; fileRef = FC5E36C623F7C20000CD4F8D /* ViewController.swift */; };
		FC5E36CA23F7C20000CD4F8D /* Main.storyboard in Resources */ = {isa = PBXBuildFile; fileRef = FC5E36C823F7C20000CD4F8D /* Main.storyboard */; };
		FC5E36CC23F7C20200CD4F8D /* Assets.xcassets in Resources */ = {isa = PBXBuildFile; fileRef = FC5E36CB23F7C20200CD4F8D /* Assets.xcassets */; };
		FC5E36CF23F7C20200CD4F8D /* LaunchScreen.storyboard in Resources */ = {isa = PBXBuildFile; fileRef = FC5E36CD23F7C20200CD4F8D /* LaunchScreen.storyboard */; };
/* End PBXBuildFile section */

/* Begin PBXFileReference section */
		FC5E36BF23F7C20000CD4F8D /* SweetUrHeart.app */ = {isa = PBXFileReference; explicitFileType = wrapper.application; includeInIndex = 0; path = SweetUrHeart.app; sourceTree = BUILT_PRODUCTS_DIR; };
		FC5E36C223F7C20000CD4F8D /* AppDelegate.swift */ = {isa = PBXFileReference; lastKnownFileType = sourcecode.swift; path = AppDelegate.swift; sourceTree = "<group>"; };
		FC5E36C423F7C20000CD4F8D /* SceneDelegate.swift */ = {isa = PBXFileReference; lastKnownFileType = sourcecode.swift; path = SceneDelegate.swift; sourceTree = "<group>"; };
		FC5E36C623F7C20000CD4F8D /* ViewController.swift */ = {isa = PBXFileReference; lastKnownFileType = sourcecode.swift; path = ViewController.swift; sourceTree = "<group>"; };
		FC5E36C923F7C20000CD4F8D /* Base */ = {isa = PBXFileReference; lastKnownFileType = file.storyboard; name = Base; path = Base.lproj/Main.storyboard; sourceTree = "<group>"; };
		FC5E36CB23F7C20200CD4F8D /* Assets.xcassets */ = {isa = PBXFileReference; lastKnownFileType = folder.assetcatalog; path = Assets.xcassets; sourceTree = "<group>"; };
		FC5E36CE23F7C20200CD4F8D /* Base */ = {isa = PBXFileReference; lastKnownFileType = file.storyboard; name = Base; path = Base.lproj/LaunchScreen.storyboard; sourceTree = "<group>"; };
		FC5E36D023F7C20200CD4F8D /* Info.plist */ = {isa = PBXFileReference; lastKnownFileType = text.plist.xml; path = Info.plist; sourceTree = "<group>"; };
/* End PBXFileReference section */

/* Begin PBXFrameworksBuildPhase section */
		FC5E36BC23F7C20000CD4F8D /* Frameworks */ = {
			isa = PBXFrameworksBuildPhase;
			buildActionMask = 2147483647;
			files = (
			);
			runOnlyForDeploymentPostprocessing = 0;
		};
/* End PBXFrameworksBuildPhase section */

/* Begin PBXGroup section */
		FC5E36B623F7C20000CD4F8D = {
			isa = PBXGroup;
			children = (
				FC5E36C123F7C20000CD4F8D /* SweetUrHeart */,
				FC5E36C023F7C20000CD4F8D /* Products */,
			);
			sourceTree = "<group>";
		};
		FC5E36C023F7C20000CD4F8D /* Products */ = {
			isa = PBXGroup;
			children = (
				FC5E36BF23F7C20000CD4F8D /* SweetUrHeart.app */,
			);
			name = Products;
			sourceTree = "<group>";
		};
		FC5E36C123F7C20000CD4F8D /* SweetUrHeart */ = {
			isa = PBXGroup;
			children = (
				FC5E36C223F7C20000CD4F8D /* AppDelegate.swift */,
				FC5E36C423F7C20000CD4F8D /* SceneDelegate.swift */,
				FC5E36C623F7C20000CD4F8D /* ViewController.swift */,
				FC5E36C823F7C20000CD4F8D /* Main.storyboard */,
				FC5E36CB23F7C20200CD4F8D /* Assets.xcassets */,
				FC5E36CD23F7C20200CD4F8D /* LaunchScreen.storyboard */,
				FC5E36D023F7C20200CD4F8D /* Info.plist */,
			);
			path = SweetUrHeart;
			sourceTree = "<group>";
		};
/* End PBXGroup section */

/* Begin PBXNativeTarget section */
		FC5E36BE23F7C20000CD4F8D /* SweetUrHeart */ = {
			isa = PBXNativeTarget;
			buildConfigurationList = FC5E36D323F7C20200CD4F8D /* Build configuration list for PBXNativeTarget "SweetUrHeart" */;
			buildPhases = (
				FC5E36BB23F7C20000CD4F8D /* Sources */,
				FC5E36BC23F7C20000CD4F8D /* Frameworks */,
				FC5E36BD23F7C20000CD4F8D /* Resources */,
			);
			buildRules = (
			);
			dependencies = (
			);
			name = SweetUrHeart;
			productName = SweetUrHeart;
			productReference = FC5E36BF23F7C20000CD4F8D /* SweetUrHeart.app */;
			productType = "com.apple.product-type.application";
		};
/* End PBXNativeTarget section */

/* Begin PBXProject section */
		FC5E36B723F7C20000CD4F8D /* Project object */ = {
			isa = PBXProject;
			attributes = {
				LastSwiftUpdateCheck = 1130;
				LastUpgradeCheck = 1130;
				ORGANIZATIONNAME = "陳勁廷";
				TargetAttributes = {
					FC5E36BE23F7C20000CD4F8D = {
						CreatedOnToolsVersion = 11.3.1;
					};
				};
			};
			buildConfigurationList = FC5E36BA23F7C20000CD4F8D /* Build configuration list for PBXProject "SweetUrHeart" */;
			compatibilityVersion = "Xcode 9.3";
			developmentRegion = en;
			hasScannedForEncodings = 0;
			knownRegions = (
				en,
				Base,
			);
			mainGroup = FC5E36B623F7C20000CD4F8D;
			productRefGroup = FC5E36C023F7C20000CD4F8D /* Products */;
			projectDirPath = "";
			projectRoot = "";
			targets = (
				FC5E36BE23F7C20000CD4F8D /* SweetUrHeart */,
			);
		};
/* End PBXProject section */

/* Begin PBXResourcesBuildPhase section */
		FC5E36BD23F7C20000CD4F8D /* Resources */ = {
			isa = PBXResourcesBuildPhase;
			buildActionMask = 2147483647;
			files = (
				FC5E36CF23F7C20200CD4F8D /* LaunchScreen.storyboard in Resources */,
				FC5E36CC23F7C20200CD4F8D /* Assets.xcassets in Resources */,
				FC5E36CA23F7C20000CD4F8D /* Main.storyboard in Resources */,
			);
			runOnlyForDeploymentPostprocessing = 0;
		};
/* End PBXResourcesBuildPhase section */

/* Begin PBXSourcesBuildPhase section */
		FC5E36BB23F7C20000CD4F8D /* Sources */ = {
			isa = PBXSourcesBuildPhase;
			buildActionMask = 2147483647;
			files = (
				FC5E36C723F7C20000CD4F8D /* ViewController.swift in Sources */,
				FC5E36C323F7C20000CD4F8D /* AppDelegate.swift in Sources */,
				FC5E36C523F7C20000CD4F8D /* SceneDelegate.swift in Sources */,
			);
			runOnlyForDeploymentPostprocessing = 0;
		};
/* End PBXSourcesBuildPhase section */

/* Begin PBXVariantGroup section */
		FC5E36C823F7C20000CD4F8D /* Main.storyboard */ = {
			isa = PBXVariantGroup;
			children = (
				FC5E36C923F7C20000CD4F8D /* Base */,
			);
			name = Main.storyboard;
			sourceTree = "<group>";
		};
		FC5E36CD23F7C20200CD4F8D /* LaunchScreen.storyboard */ = {
			isa = PBXVariantGroup;
			children = (
				FC5E36CE23F7C20200CD4F8D /* Base */,
			);
			name = LaunchScreen.storyboard;
			sourceTree = "<group>";
		};
/* End PBXVariantGroup section */

/* Begin XCBuildConfiguration section */
		FC5E36D123F7C20200CD4F8D /* Debug */ = {
			isa = XCBuildConfiguration;
			buildSettings = {
				ALWAYS_SEARCH_USER_PATHS = NO;
				CLANG_ANALYZER_NONNULL = YES;
				CLANG_ANALYZER_NUMBER_OBJECT_CONVERSION = YES_AGGRESSIVE;
				CLANG_CXX_LANGUAGE_STANDARD = "gnu++14";
				CLANG_CXX_LIBRARY = "libc++";
				CLANG_ENABLE_MODULES = YES;
				CLANG_ENABLE_OBJC_ARC = YES;
				CLANG_ENABLE_OBJC_WEAK = YES;
				CLANG_WARN_BLOCK_CAPTURE_AUTORELEASING = YES;
				CLANG_WARN_BOOL_CONVERSION = YES;
				CLANG_WARN_COMMA = YES;
				CLANG_WARN_CONSTANT_CONVERSION = YES;
				CLANG_WARN_DEPRECATED_OBJC_IMPLEMENTATIONS = YES;
				CLANG_WARN_DIRECT_OBJC_ISA_USAGE = YES_ERROR;
				CLANG_WARN_DOCUMENTATION_COMMENTS = YES;
				CLANG_WARN_EMPTY_BODY = YES;
				CLANG_WARN_ENUM_CONVERSION = YES;
				CLANG_WARN_INFINITE_RECURSION = YES;
				CLANG_WARN_INT_CONVERSION = YES;
				CLANG_WARN_NON_LITERAL_NULL_CONVERSION = YES;
				CLANG_WARN_OBJC_IMPLICIT_RETAIN_SELF = YES;
				CLANG_WARN_OBJC_LITERAL_CONVERSION = YES;
				CLANG_WARN_OBJC_ROOT_CLASS = YES_ERROR;
				CLANG_WARN_RANGE_LOOP_ANALYSIS = YES;
				CLANG_WARN_STRICT_PROTOTYPES = YES;
				CLANG_WARN_SUSPICIOUS_MOVE = YES;
				CLANG_WARN_UNGUARDED_AVAILABILITY = YES_AGGRESSIVE;
				CLANG_WARN_UNREACHABLE_CODE = YES;
				CLANG_WARN__DUPLICATE_METHOD_MATCH = YES;
				COPY_PHASE_STRIP = NO;
				DEBUG_INFORMATION_FORMAT = dwarf;
				ENABLE_STRICT_OBJC_MSGSEND = YES;
				ENABLE_TESTABILITY = YES;
				GCC_C_LANGUAGE_STANDARD = gnu11;
				GCC_DYNAMIC_NO_PIC = NO;
				GCC_NO_COMMON_BLOCKS = YES;
				GCC_OPTIMIZATION_LEVEL = 0;
				GCC_PREPROCESSOR_DEFINITIONS = (
					"DEBUG=1",
					"$(inherited)",
				);
				GCC_WARN_64_TO_32_BIT_CONVERSION = YES;
				GCC_WARN_ABOUT_RETURN_TYPE = YES_ERROR;
				GCC_WARN_UNDECLARED_SELECTOR = YES;
				GCC_WARN_UNINITIALIZED_AUTOS = YES_AGGRESSIVE;
				GCC_WARN_UNUSED_FUNCTION = YES;
				GCC_WARN_UNUSED_VARIABLE = YES;
				IPHONEOS_DEPLOYMENT_TARGET = 13.2;
				MTL_ENABLE_DEBUG_INFO = INCLUDE_SOURCE;
				MTL_FAST_MATH = YES;
				ONLY_ACTIVE_ARCH = YES;
				SDKROOT = iphoneos;
				SWIFT_ACTIVE_COMPILATION_CONDITIONS = DEBUG;
				SWIFT_OPTIMIZATION_LEVEL = "-Onone";
			};
			name = Debug;
		};
		FC5E36D223F7C20200CD4F8D /* Release */ = {
			isa = XCBuildConfiguration;
			buildSettings = {
				ALWAYS_SEARCH_USER_PATHS = NO;
				CLANG_ANALYZER_NONNULL = YES;
				CLANG_ANALYZER_NUMBER_OBJECT_CONVERSION = YES_AGGRESSIVE;
				CLANG_CXX_LANGUAGE_STANDARD = "gnu++14";
				CLANG_CXX_LIBRARY = "libc++";
				CLANG_ENABLE_MODULES = YES;
				CLANG_ENABLE_OBJC_ARC = YES;
				CLANG_ENABLE_OBJC_WEAK = YES;
				CLANG_WARN_BLOCK_CAPTURE_AUTORELEASING = YES;
				CLANG_WARN_BOOL_CONVERSION = YES;
				CLANG_WARN_COMMA = YES;
				CLANG_WARN_CONSTANT_CONVERSION = YES;
				CLANG_WARN_DEPRECATED_OBJC_IMPLEMENTATIONS = YES;
				CLANG_WARN_DIRECT_OBJC_ISA_USAGE = YES_ERROR;
				CLANG_WARN_DOCUMENTATION_COMMENTS = YES;
				CLANG_WARN_EMPTY_BODY = YES;
				CLANG_WARN_ENUM_CONVERSION = YES;
				CLANG_WARN_INFINITE_RECURSION = YES;
				CLANG_WARN_INT_CONVERSION = YES;
				CLANG_WARN_NON_LITERAL_NULL_CONVERSION = YES;
				CLANG_WARN_OBJC_IMPLICIT_RETAIN_SELF = YES;
				CLANG_WARN_OBJC_LITERAL_CONVERSION = YES;
				CLANG_WARN_OBJC_ROOT_CLASS = YES_ERROR;
				CLANG_WARN_RANGE_LOOP_ANALYSIS = YES;
				CLANG_WARN_STRICT_PROTOTYPES = YES;
				CLANG_WARN_SUSPICIOUS_MOVE = YES;
				CLANG_WARN_UNGUARDED_AVAILABILITY = YES_AGGRESSIVE;
				CLANG_WARN_UNREACHABLE_CODE = YES;
				CLANG_WARN__DUPLICATE_METHOD_MATCH = YES;
				COPY_PHASE_STRIP = NO;
				DEBUG_INFORMATION_FORMAT = "dwarf-with-dsym";
				ENABLE_NS_ASSERTIONS = NO;
				ENABLE_STRICT_OBJC_MSGSEND = YES;
				GCC_C_LANGUAGE_STANDARD = gnu11;
				GCC_NO_COMMON_BLOCKS = YES;
				GCC_WARN_64_TO_32_BIT_CONVERSION = YES;
				GCC_WARN_ABOUT_RETURN_TYPE = YES_ERROR;
				GCC_WARN_UNDECLARED_SELECTOR = YES;
				GCC_WARN_UNINITIALIZED_AUTOS = YES_AGGRESSIVE;
				GCC_WARN_UNUSED_FUNCTION = YES;
				GCC_WARN_UNUSED_VARIABLE = YES;
				IPHONEOS_DEPLOYMENT_TARGET = 13.2;
				MTL_ENABLE_DEBUG_INFO = NO;
				MTL_FAST_MATH = YES;
				SDKROOT = iphoneos;
				SWIFT_COMPILATION_MODE = wholemodule;
				SWIFT_OPTIMIZATION_LEVEL = "-O";
				VALIDATE_PRODUCT = YES;
			};
			name = Release;
		};
		FC5E36D423F7C20200CD4F8D /* Debug */ = {
			isa = XCBuildConfiguration;
			buildSettings = {
				ASSETCATALOG_COMPILER_APPICON_NAME = AppIcon;
				CODE_SIGN_STYLE = Automatic;
				INFOPLIST_FILE = SweetUrHeart/Info.plist;
				LD_RUNPATH_SEARCH_PATHS = (
					"$(inherited)",
					"@executable_path/Frameworks",
				);
				PRODUCT_BUNDLE_IDENTIFIER = com.Jt.SweetUrHeart;
				PRODUCT_NAME = "$(TARGET_NAME)";
				SWIFT_VERSION = 5.0;
				TARGETED_DEVICE_FAMILY = "1,2";
			};
			name = Debug;
		};
		FC5E36D523F7C20200CD4F8D /* Release */ = {
			isa = XCBuildConfiguration;
			buildSettings = {
				ASSETCATALOG_COMPILER_APPICON_NAME = AppIcon;
				CODE_SIGN_STYLE = Automatic;
				INFOPLIST_FILE = SweetUrHeart/Info.plist;
				LD_RUNPATH_SEARCH_PATHS = (
					"$(inherited)",
					"@executable_path/Frameworks",
				);
				PRODUCT_BUNDLE_IDENTIFIER = com.Jt.SweetUrHeart;
				PRODUCT_NAME = "$(TARGET_NAME)";
				SWIFT_VERSION = 5.0;
				TARGETED_DEVICE_FAMILY = "1,2";
			};
			name = Release;
		};
/* End XCBuildConfiguration section */

/* Begin XCConfigurationList section */
		FC5E36BA23F7C20000CD4F8D /* Build configuration list for PBXProject "SweetUrHeart" */ = {
			isa = XCConfigurationList;
			buildConfigurations = (
				FC5E36D123F7C20200CD4F8D /* Debug */,
				FC5E36D223F7C20200CD4F8D /* Release */,
			);
			defaultConfigurationIsVisible = 0;
			defaultConfigurationName = Release;
		};
		FC5E36D323F7C20200CD4F8D /* Build configuration list for PBXNativeTarget "SweetUrHeart" */ = {
			isa = XCConfigurationList;
			buildConfigurations = (
				FC5E36D423F7C20200CD4F8D /* Debug */,
				FC5E36D523F7C20200CD4F8D /* Release */,
			);
			defaultConfigurationIsVisible = 0;
			defaultConfigurationName = Release;
		};
/* End XCConfigurationList section */
	};
	rootObject = FC5E36B723F7C20000CD4F8D /* Project object */;
}
